
Microsoft Visual Studio Solution File, Format Version 12.00
# Visual Studio Version 16
VisualStudioVersion = 16.0.31624.102
MinimumVisualStudioVersion = 10.0.40219.1
Project("{8BC9CEB8-8B4A-11D0-8D11-00A0C91BC942}") = "OverloadedHospital", "OverloadedHospital\OverloadedHospital.vcxproj", "{701A516F-4F53-44FA-9C7F-B1875E845DD1}"
EndProject
Global
	GlobalSection(SolutionConfigurationPlatforms) = preSolution
		Debug|x64 = Debug|x64
		Debug|x86 = Debug|x86
		Release|x64 = Release|x64
		Release|x86 = Release|x86
	EndGlobalSection
	GlobalSection(ProjectConfigurationPlatforms) = postSolution
		{701A516F-4F53-44FA-9C7F-B1875E845DD1}.Debug|x64.ActiveCfg = Debug|x64
		{701A516F-4F53-44FA-9C7F-B1875E845DD1}.Debug|x64.Build.0 = Debug|x64
		{701A516F-4F53-44FA-9C7F-B1875E845DD1}.Debug|x86.ActiveCfg = Debug|Win32
		{701A516F-4F53-44FA-9C7F-B1875E845DD1}.Debug|x86.Build.0 = Debug|Win32
		{701A516F-4F53-44FA-9C7F-B1875E845DD1}.Release|x64.ActiveCfg = Release|x64
		{701A516F-4F53-44FA-9C7F-B1875E845DD1}.Release|x64.Build.0 = Release|x64
		{701A516F-4F53-44FA-9C7F-B1875E845DD1}.Release|x86.ActiveCfg = Release|Win32
		{701A516F-4F53-44FA-9C7F-B1875E845DD1}.Release|x86.Build.0 = Release|Win32
	EndGlobalSection
	GlobalSection(SolutionProperties) = preSolution
		HideSolutionNode = FALSE
	EndGlobalSection
	GlobalSection(ExtensibilityGlobals) = postSolution
		SolutionGuid = {A576863C-3332-4DA4-857F-B797BE6B60D0}
	EndGlobalSection
EndGlobal
